
Microsoft Visual Studio Solution File, Format Version 12.00
# Visual Studio Version 17
VisualStudioVersion = 17.11.34909.67
MinimumVisualStudioVersion = 10.0.40219.1
Project("{2150E333-8FDC-42A3-9474-1A3956D46DE8}") = "src", "src", "{C66D70F4-F9BD-4F21-BF8B-694FD2503879}"
EndProject
Project("{FAE04EC0-301F-11D3-BF4B-00C04F79EFBC}") = "ParallelSamples", "src\ParallelSamples\ParallelSamples.csproj", "{B72468AD-45A4-41B1-AFAD-3C2E3A84351E}"
EndProject
Global
	GlobalSection(SolutionConfigurationPlatforms) = preSolution
		Debug|Any CPU = Debug|Any CPU
		Release|Any CPU = Release|Any CPU
	EndGlobalSection
	GlobalSection(ProjectConfigurationPlatforms) = postSolution
		{B72468AD-45A4-41B1-AFAD-3C2E3A84351E}.Debug|Any CPU.ActiveCfg = Debug|Any CPU
		{B72468AD-45A4-41B1-AFAD-3C2E3A84351E}.Debug|Any CPU.Build.0 = Debug|Any CPU
		{B72468AD-45A4-41B1-AFAD-3C2E3A84351E}.Release|Any CPU.ActiveCfg = Release|Any CPU
		{B72468AD-45A4-41B1-AFAD-3C2E3A84351E}.Release|Any CPU.Build.0 = Release|Any CPU
	EndGlobalSection
	GlobalSection(SolutionProperties) = preSolution
		HideSolutionNode = FALSE
	EndGlobalSection
	GlobalSection(NestedProjects) = preSolution
		{B72468AD-45A4-41B1-AFAD-3C2E3A84351E} = {C66D70F4-F9BD-4F21-BF8B-694FD2503879}
	EndGlobalSection
	GlobalSection(ExtensibilityGlobals) = postSolution
		SolutionGuid = {77A01B8E-A0E6-4073-8AC8-DFC00B2701D2}
	EndGlobalSection
EndGlobal
